
Microsoft Visual Studio Solution File, Format Version 12.00
# Visual Studio 2012
Project("{FAE04EC0-301F-11D3-BF4B-00C04F79EFBC}") = "Polygon", "Polygon.csproj", "{66678365-D261-4EBE-BBEC-1439A31DF4EC}"
EndProject
Global
	GlobalSection(SolutionConfigurationPlatforms) = preSolution
		Debug|x86 = Debug|x86
		Release|x86 = Release|x86
	EndGlobalSection
	GlobalSection(ProjectConfigurationPlatforms) = postSolution
		{66678365-D261-4EBE-BBEC-1439A31DF4EC}.Debug|x86.ActiveCfg = Debug|x86
		{66678365-D261-4EBE-BBEC-1439A31DF4EC}.Debug|x86.Build.0 = Debug|x86
		{66678365-D261-4EBE-BBEC-1439A31DF4EC}.Release|x86.ActiveCfg = Release|x86
		{66678365-D261-4EBE-BBEC-1439A31DF4EC}.Release|x86.Build.0 = Release|x86
	EndGlobalSection
EndGlobal
